
Microsoft Visual Studio Solution File, Format Version 12.00
# Visual Studio 15
VisualStudioVersion = 15.0.28307.489
MinimumVisualStudioVersion = 10.0.40219.1
Project("{FAE04EC0-301F-11D3-BF4B-00C04F79EFBC}") = "Notes.Android", "Notes\Notes.Android\Notes.Android.csproj", "{755323B9-51AB-430A-980B-01F1A8D1B17A}"
EndProject
Project("{FAE04EC0-301F-11D3-BF4B-00C04F79EFBC}") = "Notes.iOS", "Notes\Notes.iOS\Notes.iOS.csproj", "{CC975474-8A8F-43DB-A8C3-94C039458897}"
EndProject
Project("{FAE04EC0-301F-11D3-BF4B-00C04F79EFBC}") = "Notes.UWP", "Notes\Notes.UWP\Notes.UWP.csproj", "{485ECD60-B870-4E70-B590-69F01C1672A6}"
EndProject
Project("{FAE04EC0-301F-11D3-BF4B-00C04F79EFBC}") = "Notes", "Notes\Notes\Notes.csproj", "{E9BD22FA-627B-42D9-8068-93F37330EF58}"
EndProject
Global
	GlobalSection(SolutionConfigurationPlatforms) = preSolution
		Ad-Hoc|Any CPU = Ad-Hoc|Any CPU
		Ad-Hoc|ARM = Ad-Hoc|ARM
		Ad-Hoc|iPhone = Ad-Hoc|iPhone
		Ad-Hoc|iPhoneSimulator = Ad-Hoc|iPhoneSimulator
		Ad-Hoc|x64 = Ad-Hoc|x64
		Ad-Hoc|x86 = Ad-Hoc|x86
		AppStore|Any CPU = AppStore|Any CPU
		AppStore|ARM = AppStore|ARM
		AppStore|iPhone = AppStore|iPhone
		AppStore|iPhoneSimulator = AppStore|iPhoneSimulator
		AppStore|x64 = AppStore|x64
		AppStore|x86 = AppStore|x86
		Debug|Any CPU = Debug|Any CPU
		Debug|ARM = Debug|ARM
		Debug|iPhone = Debug|iPhone
		Debug|iPhoneSimulator = Debug|iPhoneSimulator
		Debug|x64 = Debug|x64
		Debug|x86 = Debug|x86
		Release|Any CPU = Release|Any CPU
		Release|ARM = Release|ARM
		Release|iPhone = Release|iPhone
		Release|iPhoneSimulator = Release|iPhoneSimulator
		Release|x64 = Release|x64
		Release|x86 = Release|x86
	EndGlobalSection
	GlobalSection(ProjectConfigurationPlatforms) = postSolution
		{755323B9-51AB-430A-980B-01F1A8D1B17A}.Ad-Hoc|Any CPU.ActiveCfg = Release|Any CPU
		{755323B9-51AB-430A-980B-01F1A8D1B17A}.Ad-Hoc|Any CPU.Build.0 = Release|Any CPU
		{755323B9-51AB-430A-980B-01F1A8D1B17A}.Ad-Hoc|Any CPU.Deploy.0 = Release|Any CPU
		{755323B9-51AB-430A-980B-01F1A8D1B17A}.Ad-Hoc|ARM.ActiveCfg = Release|Any CPU
		{755323B9-51AB-430A-980B-01F1A8D1B17A}.Ad-Hoc|ARM.Build.0 = Release|Any CPU
		{755323B9-51AB-430A-980B-01F1A8D1B17A}.Ad-Hoc|ARM.Deploy.0 = Release|Any CPU
		{755323B9-51AB-430A-980B-01F1A8D1B17A}.Ad-Hoc|iPhone.ActiveCfg = Release|Any CPU
		{755323B9-51AB-430A-980B-01F1A8D1B17A}.Ad-Hoc|iPhone.Build.0 = Release|Any CPU
		{755323B9-51AB-430A-980B-01F1A8D1B17A}.Ad-Hoc|iPhone.Deploy.0 = Release|Any CPU
		{755323B9-51AB-430A-980B-01F1A8D1B17A}.Ad-Hoc|iPhoneSimulator.ActiveCfg = Release|Any CPU
		{755323B9-51AB-430A-980B-01F1A8D1B17A}.Ad-Hoc|iPhoneSimulator.Build.0 = Release|Any CPU
		{755323B9-51AB-430A-980B-01F1A8D1B17A}.Ad-Hoc|iPhoneSimulator.Deploy.0 = Release|Any CPU
		{755323B9-51AB-430A-980B-01F1A8D1B17A}.Ad-Hoc|x64.ActiveCfg = Release|Any CPU
		{755323B9-51AB-430A-980B-01F1A8D1B17A}.Ad-Hoc|x64.Build.0 = Release|Any CPU
		{755323B9-51AB-430A-980B-01F1A8D1B17A}.Ad-Hoc|x64.Deploy.0 = Release|Any CPU
		{755323B9-51AB-430A-980B-01F1A8D1B17A}.Ad-Hoc|x86.ActiveCfg = Release|Any CPU
		{755323B9-51AB-430A-980B-01F1A8D1B17A}.Ad-Hoc|x86.Build.0 = Release|Any CPU
		{755323B9-51AB-430A-980B-01F1A8D1B17A}.Ad-Hoc|x86.Deploy.0 = Release|Any CPU
		{755323B9-51AB-430A-980B-01F1A8D1B17A}.AppStore|Any CPU.ActiveCfg = Release|Any CPU
		{755323B9-51AB-430A-980B-01F1A8D1B17A}.AppStore|Any CPU.Build.0 = Release|Any CPU
		{755323B9-51AB-430A-980B-01F1A8D1B17A}.AppStore|Any CPU.Deploy.0 = Release|Any CPU
		{755323B9-51AB-430A-980B-01F1A8D1B17A}.AppStore|ARM.ActiveCfg = Release|Any CPU
		{755323B9-51AB-430A-980B-01F1A8D1B17A}.AppStore|ARM.Build.0 = Release|Any CPU
		{755323B9-51AB-430A-980B-01F1A8D1B17A}.AppStore|ARM.Deploy.0 = Release|Any CPU
		{755323B9-51AB-430A-980B-01F1A8D1B17A}.AppStore|iPhone.ActiveCfg = Release|Any CPU
		{755323B9-51AB-430A-980B-01F1A8D1B17A}.AppStore|iPhone.Build.0 = Release|Any CPU
		{755323B9-51AB-430A-980B-01F1A8D1B17A}.AppStore|iPhone.Deploy.0 = Release|Any CPU
		{755323B9-51AB-430A-980B-01F1A8D1B17A}.AppStore|iPhoneSimulator.ActiveCfg = Release|Any CPU
		{755323B9-51AB-430A-980B-01F1A8D1B17A}.AppStore|iPhoneSimulator.Build.0 = Release|Any CPU
		{755323B9-51AB-430A-980B-01F1A8D1B17A}.AppStore|iPhoneSimulator.Deploy.0 = Release|Any CPU
		{755323B9-51AB-430A-980B-01F1A8D1B17A}.AppStore|x64.ActiveCfg = Release|Any CPU
		{755323B9-51AB-430A-980B-01F1A8D1B17A}.AppStore|x64.Build.0 = Release|Any CPU
		{755323B9-51AB-430A-980B-01F1A8D1B17A}.AppStore|x64.Deploy.0 = Release|Any CPU
		{755323B9-51AB-430A-980B-01F1A8D1B17A}.AppStore|x86.ActiveCfg = Release|Any CPU
		{755323B9-51AB-430A-980B-01F1A8D1B17A}.AppStore|x86.Build.0 = Release|Any CPU
		{755323B9-51AB-430A-980B-01F1A8D1B17A}.AppStore|x86.Deploy.0 = Release|Any CPU
		{755323B9-51AB-430A-980B-01F1A8D1B17A}.Debug|Any CPU.ActiveCfg = Debug|Any CPU
		{755323B9-51AB-430A-980B-01F1A8D1B17A}.Debug|Any CPU.Build.0 = Debug|Any CPU
		{755323B9-51AB-430A-980B-01F1A8D1B17A}.Debug|Any CPU.Deploy.0 = Debug|Any CPU
		{755323B9-51AB-430A-980B-01F1A8D1B17A}.Debug|ARM.ActiveCfg = Debug|Any CPU
		{755323B9-51AB-430A-980B-01F1A8D1B17A}.Debug|ARM.Build.0 = Debug|Any CPU
		{755323B9-51AB-430A-980B-01F1A8D1B17A}.Debug|ARM.Deploy.0 = Debug|Any CPU
		{755323B9-51AB-430A-980B-01F1A8D1B17A}.Debug|iPhone.ActiveCfg = Debug|Any CPU
		{755323B9-51AB-430A-980B-01F1A8D1B17A}.Debug|iPhone.Build.0 = Debug|Any CPU
		{755323B9-51AB-430A-980B-01F1A8D1B17A}.Debug|iPhone.Deploy.0 = Debug|Any CPU
		{755323B9-51AB-430A-980B-01F1A8D1B17A}.Debug|iPhoneSimulator.ActiveCfg = Debug|Any CPU
		{755323B9-51AB-430A-980B-01F1A8D1B17A}.Debug|iPhoneSimulator.Build.0 = Debug|Any CPU
		{755323B9-51AB-430A-980B-01F1A8D1B17A}.Debug|iPhoneSimulator.Deploy.0 = Debug|Any CPU
		{755323B9-51AB-430A-980B-01F1A8D1B17A}.Debug|x64.ActiveCfg = Debug|Any CPU
		{755323B9-51AB-430A-980B-01F1A8D1B17A}.Debug|x64.Build.0 = Debug|Any CPU
		{755323B9-51AB-430A-980B-01F1A8D1B17A}.Debug|x64.Deploy.0 = Debug|Any CPU
		{755323B9-51AB-430A-980B-01F1A8D1B17A}.Debug|x86.ActiveCfg = Debug|Any CPU
		{755323B9-51AB-430A-980B-01F1A8D1B17A}.Debug|x86.Build.0 = Debug|Any CPU
		{755323B9-51AB-430A-980B-01F1A8D1B17A}.Debug|x86.Deploy.0 = Debug|Any CPU
		{755323B9-51AB-430A-980B-01F1A8D1B17A}.Release|Any CPU.ActiveCfg = Release|Any CPU
		{755323B9-51AB-430A-980B-01F1A8D1B17A}.Release|Any CPU.Build.0 = Release|Any CPU
		{755323B9-51AB-430A-980B-01F1A8D1B17A}.Release|Any CPU.Deploy.0 = Release|Any CPU
		{755323B9-51AB-430A-980B-01F1A8D1B17A}.Release|ARM.ActiveCfg = Release|Any CPU
		{755323B9-51AB-430A-980B-01F1A8D1B17A}.Release|ARM.Build.0 = Release|Any CPU
		{755323B9-51AB-430A-980B-01F1A8D1B17A}.Release|ARM.Deploy.0 = Release|Any CPU
		{755323B9-51AB-430A-980B-01F1A8D1B17A}.Release|iPhone.ActiveCfg = Release|Any CPU
		{755323B9-51AB-430A-980B-01F1A8D1B17A}.Release|iPhone.Build.0 = Release|Any CPU
		{755323B9-51AB-430A-980B-01F1A8D1B17A}.Release|iPhone.Deploy.0 = Release|Any CPU
		{755323B9-51AB-430A-980B-01F1A8D1B17A}.Release|iPhoneSimulator.ActiveCfg = Release|Any CPU
		{755323B9-51AB-430A-980B-01F1A8D1B17A}.Release|iPhoneSimulator.Build.0 = Release|Any CPU
		{755323B9-51AB-430A-980B-01F1A8D1B17A}.Release|iPhoneSimulator.Deploy.0 = Release|Any CPU
		{755323B9-51AB-430A-980B-01F1A8D1B17A}.Release|x64.ActiveCfg = Release|Any CPU
		{755323B9-51AB-430A-980B-01F1A8D1B17A}.Release|x64.Build.0 = Release|Any CPU
		{755323B9-51AB-430A-980B-01F1A8D1B17A}.Release|x64.Deploy.0 = Release|Any CPU
		{755323B9-51AB-430A-980B-01F1A8D1B17A}.Release|x86.ActiveCfg = Release|Any CPU
		{755323B9-51AB-430A-980B-01F1A8D1B17A}.Release|x86.Build.0 = Release|Any CPU
		{755323B9-51AB-430A-980B-01F1A8D1B17A}.Release|x86.Deploy.0 = Release|Any CPU
		{CC975474-8A8F-43DB-A8C3-94C039458897}.Ad-Hoc|Any CPU.ActiveCfg = Ad-Hoc|iPhone
		{CC975474-8A8F-43DB-A8C3-94C039458897}.Ad-Hoc|Any CPU.Build.0 = Ad-Hoc|iPhone
		{CC975474-8A8F-43DB-A8C3-94C039458897}.Ad-Hoc|Any CPU.Deploy.0 = Ad-Hoc|iPhone
		{CC975474-8A8F-43DB-A8C3-94C039458897}.Ad-Hoc|ARM.ActiveCfg = Ad-Hoc|iPhone
		{CC975474-8A8F-43DB-A8C3-94C039458897}.Ad-Hoc|ARM.Build.0 = Ad-Hoc|iPhone
		{CC975474-8A8F-43DB-A8C3-94C039458897}.Ad-Hoc|ARM.Deploy.0 = Ad-Hoc|iPhone
		{CC975474-8A8F-43DB-A8C3-94C039458897}.Ad-Hoc|iPhone.ActiveCfg = Ad-Hoc|iPhone
		{CC975474-8A8F-43DB-A8C3-94C039458897}.Ad-Hoc|iPhone.Build.0 = Ad-Hoc|iPhone
		{CC975474-8A8F-43DB-A8C3-94C039458897}.Ad-Hoc|iPhone.Deploy.0 = Ad-Hoc|iPhone
		{CC975474-8A8F-43DB-A8C3-94C039458897}.Ad-Hoc|iPhoneSimulator.ActiveCfg = Ad-Hoc|iPhoneSimulator
		{CC975474-8A8F-43DB-A8C3-94C039458897}.Ad-Hoc|iPhoneSimulator.Build.0 = Ad-Hoc|iPhoneSimulator
		{CC975474-8A8F-43DB-A8C3-94C039458897}.Ad-Hoc|iPhoneSimulator.Deploy.0 = Ad-Hoc|iPhoneSimulator
		{CC975474-8A8F-43DB-A8C3-94C039458897}.Ad-Hoc|x64.ActiveCfg = Ad-Hoc|iPhone
		{CC975474-8A8F-43DB-A8C3-94C039458897}.Ad-Hoc|x64.Build.0 = Ad-Hoc|iPhone
		{CC975474-8A8F-43DB-A8C3-94C039458897}.Ad-Hoc|x64.Deploy.0 = Ad-Hoc|iPhone
		{CC975474-8A8F-43DB-A8C3-94C039458897}.Ad-Hoc|x86.ActiveCfg = Ad-Hoc|iPhone
		{CC975474-8A8F-43DB-A8C3-94C039458897}.Ad-Hoc|x86.Build.0 = Ad-Hoc|iPhone
		{CC975474-8A8F-43DB-A8C3-94C039458897}.Ad-Hoc|x86.Deploy.0 = Ad-Hoc|iPhone
		{CC975474-8A8F-43DB-A8C3-94C039458897}.AppStore|Any CPU.ActiveCfg = AppStore|iPhone
		{CC975474-8A8F-43DB-A8C3-94C039458897}.AppStore|Any CPU.Build.0 = AppStore|iPhone
		{CC975474-8A8F-43DB-A8C3-94C039458897}.AppStore|Any CPU.Deploy.0 = AppStore|iPhone
		{CC975474-8A8F-43DB-A8C3-94C039458897}.AppStore|ARM.ActiveCfg = AppStore|iPhone
		{CC975474-8A8F-43DB-A8C3-94C039458897}.AppStore|ARM.Build.0 = AppStore|iPhone
		{CC975474-8A8F-43DB-A8C3-94C039458897}.AppStore|ARM.Deploy.0 = AppStore|iPhone
		{CC975474-8A8F-43DB-A8C3-94C039458897}.AppStore|iPhone.ActiveCfg = AppStore|iPhone
		{CC975474-8A8F-43DB-A8C3-94C039458897}.AppStore|iPhone.Build.0 = AppStore|iPhone
		{CC975474-8A8F-43DB-A8C3-94C039458897}.AppStore|iPhone.Deploy.0 = AppStore|iPhone
		{CC975474-8A8F-43DB-A8C3-94C039458897}.AppStore|iPhoneSimulator.ActiveCfg = AppStore|iPhoneSimulator
		{CC975474-8A8F-43DB-A8C3-94C039458897}.AppStore|iPhoneSimulator.Build.0 = AppStore|iPhoneSimulator
		{CC975474-8A8F-43DB-A8C3-94C039458897}.AppStore|iPhoneSimulator.Deploy.0 = AppStore|iPhoneSimulator
		{CC975474-8A8F-43DB-A8C3-94C039458897}.AppStore|x64.ActiveCfg = AppStore|iPhone
		{CC975474-8A8F-43DB-A8C3-94C039458897}.AppStore|x64.Build.0 = AppStore|iPhone
		{CC975474-8A8F-43DB-A8C3-94C039458897}.AppStore|x64.Deploy.0 = AppStore|iPhone
		{CC975474-8A8F-43DB-A8C3-94C039458897}.AppStore|x86.ActiveCfg = AppStore|iPhone
		{CC975474-8A8F-43DB-A8C3-94C039458897}.AppStore|x86.Build.0 = AppStore|iPhone
		{CC975474-8A8F-43DB-A8C3-94C039458897}.AppStore|x86.Deploy.0 = AppStore|iPhone
		{CC975474-8A8F-43DB-A8C3-94C039458897}.Debug|Any CPU.ActiveCfg = Debug|iPhoneSimulator
		{CC975474-8A8F-43DB-A8C3-94C039458897}.Debug|Any CPU.Build.0 = Debug|iPhoneSimulator
		{CC975474-8A8F-43DB-A8C3-94C039458897}.Debug|Any CPU.Deploy.0 = Debug|iPhoneSimulator
		{CC975474-8A8F-43DB-A8C3-94C039458897}.Debug|ARM.ActiveCfg = Debug|iPhone
		{CC975474-8A8F-43DB-A8C3-94C039458897}.Debug|ARM.Build.0 = Debug|iPhone
		{CC975474-8A8F-43DB-A8C3-94C039458897}.Debug|ARM.Deploy.0 = Debug|iPhone
		{CC975474-8A8F-43DB-A8C3-94C039458897}.Debug|iPhone.ActiveCfg = Debug|iPhone
		{CC975474-8A8F-43DB-A8C3-94C039458897}.Debug|iPhone.Build.0 = Debug|iPhone
		{CC975474-8A8F-43DB-A8C3-94C039458897}.Debug|iPhone.Deploy.0 = Debug|iPhone
		{CC975474-8A8F-43DB-A8C3-94C039458897}.Debug|iPhoneSimulator.ActiveCfg = Debug|iPhoneSimulator
		{CC975474-8A8F-43DB-A8C3-94C039458897}.Debug|iPhoneSimulator.Build.0 = Debug|iPhoneSimulator
		{CC975474-8A8F-43DB-A8C3-94C039458897}.Debug|iPhoneSimulator.Deploy.0 = Debug|iPhoneSimulator
		{CC975474-8A8F-43DB-A8C3-94C039458897}.Debug|x64.ActiveCfg = Debug|iPhone
		{CC975474-8A8F-43DB-A8C3-94C039458897}.Debug|x64.Build.0 = Debug|iPhone
		{CC975474-8A8F-43DB-A8C3-94C039458897}.Debug|x64.Deploy.0 = Debug|iPhone
		{CC975474-8A8F-43DB-A8C3-94C039458897}.Debug|x86.ActiveCfg = Debug|iPhone
		{CC975474-8A8F-43DB-A8C3-94C039458897}.Debug|x86.Build.0 = Debug|iPhone
		{CC975474-8A8F-43DB-A8C3-94C039458897}.Debug|x86.Deploy.0 = Debug|iPhone
		{CC975474-8A8F-43DB-A8C3-94C039458897}.Release|Any CPU.ActiveCfg = Release|iPhone
		{CC975474-8A8F-43DB-A8C3-94C039458897}.Release|Any CPU.Build.0 = Release|iPhone
		{CC975474-8A8F-43DB-A8C3-94C039458897}.Release|Any CPU.Deploy.0 = Release|iPhone
		{CC975474-8A8F-43DB-A8C3-94C039458897}.Release|ARM.ActiveCfg = Release|iPhone
		{CC975474-8A8F-43DB-A8C3-94C039458897}.Release|ARM.Build.0 = Release|iPhone
		{CC975474-8A8F-43DB-A8C3-94C039458897}.Release|ARM.Deploy.0 = Release|iPhone
		{CC975474-8A8F-43DB-A8C3-94C039458897}.Release|iPhone.ActiveCfg = Release|iPhone
		{CC975474-8A8F-43DB-A8C3-94C039458897}.Release|iPhone.Build.0 = Release|iPhone
		{CC975474-8A8F-43DB-A8C3-94C039458897}.Release|iPhone.Deploy.0 = Release|iPhone
		{CC975474-8A8F-43DB-A8C3-94C039458897}.Release|iPhoneSimulator.ActiveCfg = Release|iPhoneSimulator
		{CC975474-8A8F-43DB-A8C3-94C039458897}.Release|iPhoneSimulator.Build.0 = Release|iPhoneSimulator
		{CC975474-8A8F-43DB-A8C3-94C039458897}.Release|iPhoneSimulator.Deploy.0 = Release|iPhoneSimulator
		{CC975474-8A8F-43DB-A8C3-94C039458897}.Release|x64.ActiveCfg = Release|iPhone
		{CC975474-8A8F-43DB-A8C3-94C039458897}.Release|x64.Build.0 = Release|iPhone
		{CC975474-8A8F-43DB-A8C3-94C039458897}.Release|x64.Deploy.0 = Release|iPhone
		{CC975474-8A8F-43DB-A8C3-94C039458897}.Release|x86.ActiveCfg = Release|iPhone
		{CC975474-8A8F-43DB-A8C3-94C039458897}.Release|x86.Build.0 = Release|iPhone
		{CC975474-8A8F-43DB-A8C3-94C039458897}.Release|x86.Deploy.0 = Release|iPhone
		{485ECD60-B870-4E70-B590-69F01C1672A6}.Ad-Hoc|Any CPU.ActiveCfg = Release|x86
		{485ECD60-B870-4E70-B590-69F01C1672A6}.Ad-Hoc|Any CPU.Build.0 = Release|x86
		{485ECD60-B870-4E70-B590-69F01C1672A6}.Ad-Hoc|Any CPU.Deploy.0 = Release|x86
		{485ECD60-B870-4E70-B590-69F01C1672A6}.Ad-Hoc|ARM.ActiveCfg = Release|ARM
		{485ECD60-B870-4E70-B590-69F01C1672A6}.Ad-Hoc|ARM.Build.0 = Release|ARM
		{485ECD60-B870-4E70-B590-69F01C1672A6}.Ad-Hoc|ARM.Deploy.0 = Release|ARM
		{485ECD60-B870-4E70-B590-69F01C1672A6}.Ad-Hoc|iPhone.ActiveCfg = Release|x86
		{485ECD60-B870-4E70-B590-69F01C1672A6}.Ad-Hoc|iPhone.Build.0 = Release|x86
		{485ECD60-B870-4E70-B590-69F01C1672A6}.Ad-Hoc|iPhone.Deploy.0 = Release|x86
		{485ECD60-B870-4E70-B590-69F01C1672A6}.Ad-Hoc|iPhoneSimulator.ActiveCfg = Release|x86
		{485ECD60-B870-4E70-B590-69F01C1672A6}.Ad-Hoc|iPhoneSimulator.Build.0 = Release|x86
		{485ECD60-B870-4E70-B590-69F01C1672A6}.Ad-Hoc|iPhoneSimulator.Deploy.0 = Release|x86
		{485ECD60-B870-4E70-B590-69F01C1672A6}.Ad-Hoc|x64.ActiveCfg = Release|x64
		{485ECD60-B870-4E70-B590-69F01C1672A6}.Ad-Hoc|x64.Build.0 = Release|x64
		{485ECD60-B870-4E70-B590-69F01C1672A6}.Ad-Hoc|x64.Deploy.0 = Release|x64
		{485ECD60-B870-4E70-B590-69F01C1672A6}.Ad-Hoc|x86.ActiveCfg = Release|x86
		{485ECD60-B870-4E70-B590-69F01C1672A6}.Ad-Hoc|x86.Build.0 = Release|x86
		{485ECD60-B870-4E70-B590-69F01C1672A6}.Ad-Hoc|x86.Deploy.0 = Release|x86
		{485ECD60-B870-4E70-B590-69F01C1672A6}.AppStore|Any CPU.ActiveCfg = Release|x86
		{485ECD60-B870-4E70-B590-69F01C1672A6}.AppStore|Any CPU.Build.0 = Release|x86
		{485ECD60-B870-4E70-B590-69F01C1672A6}.AppStore|Any CPU.Deploy.0 = Release|x86
		{485ECD60-B870-4E70-B590-69F01C1672A6}.AppStore|ARM.ActiveCfg = Release|ARM
		{485ECD60-B870-4E70-B590-69F01C1672A6}.AppStore|ARM.Build.0 = Release|ARM
		{485ECD60-B870-4E70-B590-69F01C1672A6}.AppStore|ARM.Deploy.0 = Release|ARM
		{485ECD60-B870-4E70-B590-69F01C1672A6}.AppStore|iPhone.ActiveCfg = Release|x86
		{485ECD60-B870-4E70-B590-69F01C1672A6}.AppStore|iPhone.Build.0 = Release|x86
		{485ECD60-B870-4E70-B590-69F01C1672A6}.AppStore|iPhone.Deploy.0 = Release|x86
		{485ECD60-B870-4E70-B590-69F01C1672A6}.AppStore|iPhoneSimulator.ActiveCfg = Release|x86
		{485ECD60-B870-4E70-B590-69F01C1672A6}.AppStore|iPhoneSimulator.Build.0 = Release|x86
		{485ECD60-B870-4E70-B590-69F01C1672A6}.AppStore|iPhoneSimulator.Deploy.0 = Release|x86
		{485ECD60-B870-4E70-B590-69F01C1672A6}.AppStore|x64.ActiveCfg = Release|x64
		{485ECD60-B870-4E70-B590-69F01C1672A6}.AppStore|x64.Build.0 = Release|x64
		{485ECD60-B870-4E70-B590-69F01C1672A6}.AppStore|x64.Deploy.0 = Release|x64
		{485ECD60-B870-4E70-B590-69F01C1672A6}.AppStore|x86.ActiveCfg = Release|x86
		{485ECD60-B870-4E70-B590-69F01C1672A6}.AppStore|x86.Build.0 = Release|x86
		{485ECD60-B870-4E70-B590-69F01C1672A6}.AppStore|x86.Deploy.0 = Release|x86
		{485ECD60-B870-4E70-B590-69F01C1672A6}.Debug|Any CPU.ActiveCfg = Debug|x86
		{485ECD60-B870-4E70-B590-69F01C1672A6}.Debug|Any CPU.Build.0 = Debug|x86
		{485ECD60-B870-4E70-B590-69F01C1672A6}.Debug|Any CPU.Deploy.0 = Debug|x86
		{485ECD60-B870-4E70-B590-69F01C1672A6}.Debug|ARM.ActiveCfg = Debug|ARM
		{485ECD60-B870-4E70-B590-69F01C1672A6}.Debug|ARM.Build.0 = Debug|ARM
		{485ECD60-B870-4E70-B590-69F01C1672A6}.Debug|ARM.Deploy.0 = Debug|ARM
		{485ECD60-B870-4E70-B590-69F01C1672A6}.Debug|iPhone.ActiveCfg = Debug|x86
		{485ECD60-B870-4E70-B590-69F01C1672A6}.Debug|iPhone.Build.0 = Debug|x86
		{485ECD60-B870-4E70-B590-69F01C1672A6}.Debug|iPhone.Deploy.0 = Debug|x86
		{485ECD60-B870-4E70-B590-69F01C1672A6}.Debug|iPhoneSimulator.ActiveCfg = Debug|x86
		{485ECD60-B870-4E70-B590-69F01C1672A6}.Debug|iPhoneSimulator.Build.0 = Debug|x86
		{485ECD60-B870-4E70-B590-69F01C1672A6}.Debug|iPhoneSimulator.Deploy.0 = Debug|x86
		{485ECD60-B870-4E70-B590-69F01C1672A6}.Debug|x64.ActiveCfg = Debug|x64
		{485ECD60-B870-4E70-B590-69F01C1672A6}.Debug|x64.Build.0 = Debug|x64
		{485ECD60-B870-4E70-B590-69F01C1672A6}.Debug|x64.Deploy.0 = Debug|x64
		{485ECD60-B870-4E70-B590-69F01C1672A6}.Debug|x86.ActiveCfg = Debug|x86
		{485ECD60-B870-4E70-B590-69F01C1672A6}.Debug|x86.Build.0 = Debug|x86
		{485ECD60-B870-4E70-B590-69F01C1672A6}.Debug|x86.Deploy.0 = Debug|x86
		{485ECD60-B870-4E70-B590-69F01C1672A6}.Release|Any CPU.ActiveCfg = Release|x86
		{485ECD60-B870-4E70-B590-69F01C1672A6}.Release|Any CPU.Build.0 = Release|x86
		{485ECD60-B870-4E70-B590-69F01C1672A6}.Release|Any CPU.Deploy.0 = Release|x86
		{485ECD60-B870-4E70-B590-69F01C1672A6}.Release|ARM.ActiveCfg = Release|ARM
		{485ECD60-B870-4E70-B590-69F01C1672A6}.Release|ARM.Build.0 = Release|ARM
		{485ECD60-B870-4E70-B590-69F01C1672A6}.Release|ARM.Deploy.0 = Release|ARM
		{485ECD60-B870-4E70-B590-69F01C1672A6}.Release|iPhone.ActiveCfg = Release|x86
		{485ECD60-B870-4E70-B590-69F01C1672A6}.Release|iPhone.Build.0 = Release|x86
		{485ECD60-B870-4E70-B590-69F01C1672A6}.Release|iPhone.Deploy.0 = Release|x86
		{485ECD60-B870-4E70-B590-69F01C1672A6}.Release|iPhoneSimulator.ActiveCfg = Release|x86
		{485ECD60-B870-4E70-B590-69F01C1672A6}.Release|iPhoneSimulator.Build.0 = Release|x86
		{485ECD60-B870-4E70-B590-69F01C1672A6}.Release|iPhoneSimulator.Deploy.0 = Release|x86
		{485ECD60-B870-4E70-B590-69F01C1672A6}.Release|x64.ActiveCfg = Release|x64
		{485ECD60-B870-4E70-B590-69F01C1672A6}.Release|x64.Build.0 = Release|x64
		{485ECD60-B870-4E70-B590-69F01C1672A6}.Release|x64.Deploy.0 = Release|x64
		{485ECD60-B870-4E70-B590-69F01C1672A6}.Release|x86.ActiveCfg = Release|x86
		{485ECD60-B870-4E70-B590-69F01C1672A6}.Release|x86.Build.0 = Release|x86
		{485ECD60-B870-4E70-B590-69F01C1672A6}.Release|x86.Deploy.0 = Release|x86
		{E9BD22FA-627B-42D9-8068-93F37330EF58}.Ad-Hoc|Any CPU.ActiveCfg = Debug|Any CPU
		{E9BD22FA-627B-42D9-8068-93F37330EF58}.Ad-Hoc|Any CPU.Build.0 = Debug|Any CPU
		{E9BD22FA-627B-42D9-8068-93F37330EF58}.Ad-Hoc|Any CPU.Deploy.0 = Debug|Any CPU
		{E9BD22FA-627B-42D9-8068-93F37330EF58}.Ad-Hoc|ARM.ActiveCfg = Debug|Any CPU
		{E9BD22FA-627B-42D9-8068-93F37330EF58}.Ad-Hoc|ARM.Build.0 = Debug|Any CPU
		{E9BD22FA-627B-42D9-8068-93F37330EF58}.Ad-Hoc|ARM.Deploy.0 = Debug|Any CPU
		{E9BD22FA-627B-42D9-8068-93F37330EF58}.Ad-Hoc|iPhone.ActiveCfg = Debug|Any CPU
		{E9BD22FA-627B-42D9-8068-93F37330EF58}.Ad-Hoc|iPhone.Build.0 = Debug|Any CPU
		{E9BD22FA-627B-42D9-8068-93F37330EF58}.Ad-Hoc|iPhone.Deploy.0 = Debug|Any CPU
		{E9BD22FA-627B-42D9-8068-93F37330EF58}.Ad-Hoc|iPhoneSimulator.ActiveCfg = Debug|Any CPU
		{E9BD22FA-627B-42D9-8068-93F37330EF58}.Ad-Hoc|iPhoneSimulator.Build.0 = Debug|Any CPU
		{E9BD22FA-627B-42D9-8068-93F37330EF58}.Ad-Hoc|iPhoneSimulator.Deploy.0 = Debug|Any CPU
		{E9BD22FA-627B-42D9-8068-93F37330EF58}.Ad-Hoc|x64.ActiveCfg = Debug|Any CPU
		{E9BD22FA-627B-42D9-8068-93F37330EF58}.Ad-Hoc|x64.Build.0 = Debug|Any CPU
		{E9BD22FA-627B-42D9-8068-93F37330EF58}.Ad-Hoc|x64.Deploy.0 = Debug|Any CPU
		{E9BD22FA-627B-42D9-8068-93F37330EF58}.Ad-Hoc|x86.ActiveCfg = Debug|Any CPU
		{E9BD22FA-627B-42D9-8068-93F37330EF58}.Ad-Hoc|x86.Build.0 = Debug|Any CPU
		{E9BD22FA-627B-42D9-8068-93F37330EF58}.Ad-Hoc|x86.Deploy.0 = Debug|Any CPU
		{E9BD22FA-627B-42D9-8068-93F37330EF58}.AppStore|Any CPU.ActiveCfg = Debug|Any CPU
		{E9BD22FA-627B-42D9-8068-93F37330EF58}.AppStore|Any CPU.Build.0 = Debug|Any CPU
		{E9BD22FA-627B-42D9-8068-93F37330EF58}.AppStore|Any CPU.Deploy.0 = Debug|Any CPU
		{E9BD22FA-627B-42D9-8068-93F37330EF58}.AppStore|ARM.ActiveCfg = Debug|Any CPU
		{E9BD22FA-627B-42D9-8068-93F37330EF58}.AppStore|ARM.Build.0 = Debug|Any CPU
		{E9BD22FA-627B-42D9-8068-93F37330EF58}.AppStore|ARM.Deploy.0 = Debug|Any CPU
		{E9BD22FA-627B-42D9-8068-93F37330EF58}.AppStore|iPhone.ActiveCfg = Debug|Any CPU
		{E9BD22FA-627B-42D9-8068-93F37330EF58}.AppStore|iPhone.Build.0 = Debug|Any CPU
		{E9BD22FA-627B-42D9-8068-93F37330EF58}.AppStore|iPhone.Deploy.0 = Debug|Any CPU
		{E9BD22FA-627B-42D9-8068-93F37330EF58}.AppStore|iPhoneSimulator.ActiveCfg = Debug|Any CPU
		{E9BD22FA-627B-42D9-8068-93F37330EF58}.AppStore|iPhoneSimulator.Build.0 = Debug|Any CPU
		{E9BD22FA-627B-42D9-8068-93F37330EF58}.AppStore|iPhoneSimulator.Deploy.0 = Debug|Any CPU
		{E9BD22FA-627B-42D9-8068-93F37330EF58}.AppStore|x64.ActiveCfg = Debug|Any CPU
		{E9BD22FA-627B-42D9-8068-93F37330EF58}.AppStore|x64.Build.0 = Debug|Any CPU
		{E9BD22FA-627B-42D9-8068-93F37330EF58}.AppStore|x64.Deploy.0 = Debug|Any CPU
		{E9BD22FA-627B-42D9-8068-93F37330EF58}.AppStore|x86.ActiveCfg = Debug|Any CPU
		{E9BD22FA-627B-42D9-8068-93F37330EF58}.AppStore|x86.Build.0 = Debug|Any CPU
		{E9BD22FA-627B-42D9-8068-93F37330EF58}.AppStore|x86.Deploy.0 = Debug|Any CPU
		{E9BD22FA-627B-42D9-8068-93F37330EF58}.Debug|Any CPU.ActiveCfg = Debug|Any CPU
		{E9BD22FA-627B-42D9-8068-93F37330EF58}.Debug|Any CPU.Build.0 = Debug|Any CPU
		{E9BD22FA-627B-42D9-8068-93F37330EF58}.Debug|Any CPU.Deploy.0 = Debug|Any CPU
		{E9BD22FA-627B-42D9-8068-93F37330EF58}.Debug|ARM.ActiveCfg = Debug|Any CPU
		{E9BD22FA-627B-42D9-8068-93F37330EF58}.Debug|ARM.Build.0 = Debug|Any CPU
		{E9BD22FA-627B-42D9-8068-93F37330EF58}.Debug|ARM.Deploy.0 = Debug|Any CPU
		{E9BD22FA-627B-42D9-8068-93F37330EF58}.Debug|iPhone.ActiveCfg = Debug|Any CPU
		{E9BD22FA-627B-42D9-8068-93F37330EF58}.Debug|iPhone.Build.0 = Debug|Any CPU
		{E9BD22FA-627B-42D9-8068-93F37330EF58}.Debug|iPhone.Deploy.0 = Debug|Any CPU
		{E9BD22FA-627B-42D9-8068-93F37330EF58}.Debug|iPhoneSimulator.ActiveCfg = Debug|Any CPU
		{E9BD22FA-627B-42D9-8068-93F37330EF58}.Debug|iPhoneSimulator.Build.0 = Debug|Any CPU
		{E9BD22FA-627B-42D9-8068-93F37330EF58}.Debug|iPhoneSimulator.Deploy.0 = Debug|Any CPU
		{E9BD22FA-627B-42D9-8068-93F37330EF58}.Debug|x64.ActiveCfg = Debug|Any CPU
		{E9BD22FA-627B-42D9-8068-93F37330EF58}.Debug|x64.Build.0 = Debug|Any CPU
		{E9BD22FA-627B-42D9-8068-93F37330EF58}.Debug|x64.Deploy.0 = Debug|Any CPU
		{E9BD22FA-627B-42D9-8068-93F37330EF58}.Debug|x86.ActiveCfg = Debug|Any CPU
		{E9BD22FA-627B-42D9-8068-93F37330EF58}.Debug|x86.Build.0 = Debug|Any CPU
		{E9BD22FA-627B-42D9-8068-93F37330EF58}.Debug|x86.Deploy.0 = Debug|Any CPU
		{E9BD22FA-627B-42D9-8068-93F37330EF58}.Release|Any CPU.ActiveCfg = Release|Any CPU
		{E9BD22FA-627B-42D9-8068-93F37330EF58}.Release|Any CPU.Build.0 = Release|Any CPU
		{E9BD22FA-627B-42D9-8068-93F37330EF58}.Release|Any CPU.Deploy.0 = Release|Any CPU
		{E9BD22FA-627B-42D9-8068-93F37330EF58}.Release|ARM.ActiveCfg = Release|Any CPU
		{E9BD22FA-627B-42D9-8068-93F37330EF58}.Release|ARM.Build.0 = Release|Any CPU
		{E9BD22FA-627B-42D9-8068-93F37330EF58}.Release|ARM.Deploy.0 = Release|Any CPU
		{E9BD22FA-627B-42D9-8068-93F37330EF58}.Release|iPhone.ActiveCfg = Release|Any CPU
		{E9BD22FA-627B-42D9-8068-93F37330EF58}.Release|iPhone.Build.0 = Release|Any CPU
		{E9BD22FA-627B-42D9-8068-93F37330EF58}.Release|iPhone.Deploy.0 = Release|Any CPU
		{E9BD22FA-627B-42D9-8068-93F37330EF58}.Release|iPhoneSimulator.ActiveCfg = Release|Any CPU
		{E9BD22FA-627B-42D9-8068-93F37330EF58}.Release|iPhoneSimulator.Build.0 = Release|Any CPU
		{E9BD22FA-627B-42D9-8068-93F37330EF58}.Release|iPhoneSimulator.Deploy.0 = Release|Any CPU
		{E9BD22FA-627B-42D9-8068-93F37330EF58}.Release|x64.ActiveCfg = Release|Any CPU
		{E9BD22FA-627B-42D9-8068-93F37330EF58}.Release|x64.Build.0 = Release|Any CPU
		{E9BD22FA-627B-42D9-8068-93F37330EF58}.Release|x64.Deploy.0 = Release|Any CPU
		{E9BD22FA-627B-42D9-8068-93F37330EF58}.Release|x86.ActiveCfg = Release|Any CPU
		{E9BD22FA-627B-42D9-8068-93F37330EF58}.Release|x86.Build.0 = Release|Any CPU
		{E9BD22FA-627B-42D9-8068-93F37330EF58}.Release|x86.Deploy.0 = Release|Any CPU
	EndGlobalSection
	GlobalSection(SolutionProperties) = preSolution
		HideSolutionNode = FALSE
	EndGlobalSection
	GlobalSection(ExtensibilityGlobals) = postSolution
		SolutionGuid = {8D83AA86-E102-4CF3-B0C4-06528781B10F}
	EndGlobalSection
EndGlobal
