
Microsoft Visual Studio Solution File, Format Version 12.00
# Visual Studio 15
VisualStudioVersion = 15.0.28307.489
MinimumVisualStudioVersion = 10.0.40219.1
Project("{FAE04EC0-301F-11D3-BF4B-00C04F79EFBC}") = "Phoneword.Android", "Phoneword\Phoneword.Android\Phoneword.Android.csproj", "{8ECD4AA2-F742-45E7-AB0F-B5C474040DB6}"
EndProject
Project("{FAE04EC0-301F-11D3-BF4B-00C04F79EFBC}") = "Phoneword.iOS", "Phoneword\Phoneword.iOS\Phoneword.iOS.csproj", "{07FB28EC-481B-4405-8F35-2089801954FC}"
EndProject
Project("{FAE04EC0-301F-11D3-BF4B-00C04F79EFBC}") = "Phoneword.UWP", "Phoneword\Phoneword.UWP\Phoneword.UWP.csproj", "{067AF861-1C1F-4083-B17D-92B744A44D39}"
EndProject
Project("{FAE04EC0-301F-11D3-BF4B-00C04F79EFBC}") = "Phoneword", "Phoneword\Phoneword\Phoneword.csproj", "{DC59E843-0202-42A9-BDCC-2CFA419ECC7D}"
EndProject
Global
	GlobalSection(SolutionConfigurationPlatforms) = preSolution
		Ad-Hoc|Any CPU = Ad-Hoc|Any CPU
		Ad-Hoc|ARM = Ad-Hoc|ARM
		Ad-Hoc|iPhone = Ad-Hoc|iPhone
		Ad-Hoc|iPhoneSimulator = Ad-Hoc|iPhoneSimulator
		Ad-Hoc|x64 = Ad-Hoc|x64
		Ad-Hoc|x86 = Ad-Hoc|x86
		AppStore|Any CPU = AppStore|Any CPU
		AppStore|ARM = AppStore|ARM
		AppStore|iPhone = AppStore|iPhone
		AppStore|iPhoneSimulator = AppStore|iPhoneSimulator
		AppStore|x64 = AppStore|x64
		AppStore|x86 = AppStore|x86
		Debug|Any CPU = Debug|Any CPU
		Debug|ARM = Debug|ARM
		Debug|iPhone = Debug|iPhone
		Debug|iPhoneSimulator = Debug|iPhoneSimulator
		Debug|x64 = Debug|x64
		Debug|x86 = Debug|x86
		Release|Any CPU = Release|Any CPU
		Release|ARM = Release|ARM
		Release|iPhone = Release|iPhone
		Release|iPhoneSimulator = Release|iPhoneSimulator
		Release|x64 = Release|x64
		Release|x86 = Release|x86
	EndGlobalSection
	GlobalSection(ProjectConfigurationPlatforms) = postSolution
		{8ECD4AA2-F742-45E7-AB0F-B5C474040DB6}.Ad-Hoc|Any CPU.ActiveCfg = Release|Any CPU
		{8ECD4AA2-F742-45E7-AB0F-B5C474040DB6}.Ad-Hoc|Any CPU.Build.0 = Release|Any CPU
		{8ECD4AA2-F742-45E7-AB0F-B5C474040DB6}.Ad-Hoc|Any CPU.Deploy.0 = Release|Any CPU
		{8ECD4AA2-F742-45E7-AB0F-B5C474040DB6}.Ad-Hoc|ARM.ActiveCfg = Release|Any CPU
		{8ECD4AA2-F742-45E7-AB0F-B5C474040DB6}.Ad-Hoc|ARM.Build.0 = Release|Any CPU
		{8ECD4AA2-F742-45E7-AB0F-B5C474040DB6}.Ad-Hoc|ARM.Deploy.0 = Release|Any CPU
		{8ECD4AA2-F742-45E7-AB0F-B5C474040DB6}.Ad-Hoc|iPhone.ActiveCfg = Release|Any CPU
		{8ECD4AA2-F742-45E7-AB0F-B5C474040DB6}.Ad-Hoc|iPhone.Build.0 = Release|Any CPU
		{8ECD4AA2-F742-45E7-AB0F-B5C474040DB6}.Ad-Hoc|iPhone.Deploy.0 = Release|Any CPU
		{8ECD4AA2-F742-45E7-AB0F-B5C474040DB6}.Ad-Hoc|iPhoneSimulator.ActiveCfg = Release|Any CPU
		{8ECD4AA2-F742-45E7-AB0F-B5C474040DB6}.Ad-Hoc|iPhoneSimulator.Build.0 = Release|Any CPU
		{8ECD4AA2-F742-45E7-AB0F-B5C474040DB6}.Ad-Hoc|iPhoneSimulator.Deploy.0 = Release|Any CPU
		{8ECD4AA2-F742-45E7-AB0F-B5C474040DB6}.Ad-Hoc|x64.ActiveCfg = Release|Any CPU
		{8ECD4AA2-F742-45E7-AB0F-B5C474040DB6}.Ad-Hoc|x64.Build.0 = Release|Any CPU
		{8ECD4AA2-F742-45E7-AB0F-B5C474040DB6}.Ad-Hoc|x64.Deploy.0 = Release|Any CPU
		{8ECD4AA2-F742-45E7-AB0F-B5C474040DB6}.Ad-Hoc|x86.ActiveCfg = Release|Any CPU
		{8ECD4AA2-F742-45E7-AB0F-B5C474040DB6}.Ad-Hoc|x86.Build.0 = Release|Any CPU
		{8ECD4AA2-F742-45E7-AB0F-B5C474040DB6}.Ad-Hoc|x86.Deploy.0 = Release|Any CPU
		{8ECD4AA2-F742-45E7-AB0F-B5C474040DB6}.AppStore|Any CPU.ActiveCfg = Release|Any CPU
		{8ECD4AA2-F742-45E7-AB0F-B5C474040DB6}.AppStore|Any CPU.Build.0 = Release|Any CPU
		{8ECD4AA2-F742-45E7-AB0F-B5C474040DB6}.AppStore|Any CPU.Deploy.0 = Release|Any CPU
		{8ECD4AA2-F742-45E7-AB0F-B5C474040DB6}.AppStore|ARM.ActiveCfg = Release|Any CPU
		{8ECD4AA2-F742-45E7-AB0F-B5C474040DB6}.AppStore|ARM.Build.0 = Release|Any CPU
		{8ECD4AA2-F742-45E7-AB0F-B5C474040DB6}.AppStore|ARM.Deploy.0 = Release|Any CPU
		{8ECD4AA2-F742-45E7-AB0F-B5C474040DB6}.AppStore|iPhone.ActiveCfg = Release|Any CPU
		{8ECD4AA2-F742-45E7-AB0F-B5C474040DB6}.AppStore|iPhone.Build.0 = Release|Any CPU
		{8ECD4AA2-F742-45E7-AB0F-B5C474040DB6}.AppStore|iPhone.Deploy.0 = Release|Any CPU
		{8ECD4AA2-F742-45E7-AB0F-B5C474040DB6}.AppStore|iPhoneSimulator.ActiveCfg = Release|Any CPU
		{8ECD4AA2-F742-45E7-AB0F-B5C474040DB6}.AppStore|iPhoneSimulator.Build.0 = Release|Any CPU
		{8ECD4AA2-F742-45E7-AB0F-B5C474040DB6}.AppStore|iPhoneSimulator.Deploy.0 = Release|Any CPU
		{8ECD4AA2-F742-45E7-AB0F-B5C474040DB6}.AppStore|x64.ActiveCfg = Release|Any CPU
		{8ECD4AA2-F742-45E7-AB0F-B5C474040DB6}.AppStore|x64.Build.0 = Release|Any CPU
		{8ECD4AA2-F742-45E7-AB0F-B5C474040DB6}.AppStore|x64.Deploy.0 = Release|Any CPU
		{8ECD4AA2-F742-45E7-AB0F-B5C474040DB6}.AppStore|x86.ActiveCfg = Release|Any CPU
		{8ECD4AA2-F742-45E7-AB0F-B5C474040DB6}.AppStore|x86.Build.0 = Release|Any CPU
		{8ECD4AA2-F742-45E7-AB0F-B5C474040DB6}.AppStore|x86.Deploy.0 = Release|Any CPU
		{8ECD4AA2-F742-45E7-AB0F-B5C474040DB6}.Debug|Any CPU.ActiveCfg = Debug|Any CPU
		{8ECD4AA2-F742-45E7-AB0F-B5C474040DB6}.Debug|Any CPU.Build.0 = Debug|Any CPU
		{8ECD4AA2-F742-45E7-AB0F-B5C474040DB6}.Debug|Any CPU.Deploy.0 = Debug|Any CPU
		{8ECD4AA2-F742-45E7-AB0F-B5C474040DB6}.Debug|ARM.ActiveCfg = Debug|Any CPU
		{8ECD4AA2-F742-45E7-AB0F-B5C474040DB6}.Debug|ARM.Build.0 = Debug|Any CPU
		{8ECD4AA2-F742-45E7-AB0F-B5C474040DB6}.Debug|ARM.Deploy.0 = Debug|Any CPU
		{8ECD4AA2-F742-45E7-AB0F-B5C474040DB6}.Debug|iPhone.ActiveCfg = Debug|Any CPU
		{8ECD4AA2-F742-45E7-AB0F-B5C474040DB6}.Debug|iPhone.Build.0 = Debug|Any CPU
		{8ECD4AA2-F742-45E7-AB0F-B5C474040DB6}.Debug|iPhone.Deploy.0 = Debug|Any CPU
		{8ECD4AA2-F742-45E7-AB0F-B5C474040DB6}.Debug|iPhoneSimulator.ActiveCfg = Debug|Any CPU
		{8ECD4AA2-F742-45E7-AB0F-B5C474040DB6}.Debug|iPhoneSimulator.Build.0 = Debug|Any CPU
		{8ECD4AA2-F742-45E7-AB0F-B5C474040DB6}.Debug|iPhoneSimulator.Deploy.0 = Debug|Any CPU
		{8ECD4AA2-F742-45E7-AB0F-B5C474040DB6}.Debug|x64.ActiveCfg = Debug|Any CPU
		{8ECD4AA2-F742-45E7-AB0F-B5C474040DB6}.Debug|x64.Build.0 = Debug|Any CPU
		{8ECD4AA2-F742-45E7-AB0F-B5C474040DB6}.Debug|x64.Deploy.0 = Debug|Any CPU
		{8ECD4AA2-F742-45E7-AB0F-B5C474040DB6}.Debug|x86.ActiveCfg = Debug|Any CPU
		{8ECD4AA2-F742-45E7-AB0F-B5C474040DB6}.Debug|x86.Build.0 = Debug|Any CPU
		{8ECD4AA2-F742-45E7-AB0F-B5C474040DB6}.Debug|x86.Deploy.0 = Debug|Any CPU
		{8ECD4AA2-F742-45E7-AB0F-B5C474040DB6}.Release|Any CPU.ActiveCfg = Release|Any CPU
		{8ECD4AA2-F742-45E7-AB0F-B5C474040DB6}.Release|Any CPU.Build.0 = Release|Any CPU
		{8ECD4AA2-F742-45E7-AB0F-B5C474040DB6}.Release|Any CPU.Deploy.0 = Release|Any CPU
		{8ECD4AA2-F742-45E7-AB0F-B5C474040DB6}.Release|ARM.ActiveCfg = Release|Any CPU
		{8ECD4AA2-F742-45E7-AB0F-B5C474040DB6}.Release|ARM.Build.0 = Release|Any CPU
		{8ECD4AA2-F742-45E7-AB0F-B5C474040DB6}.Release|ARM.Deploy.0 = Release|Any CPU
		{8ECD4AA2-F742-45E7-AB0F-B5C474040DB6}.Release|iPhone.ActiveCfg = Release|Any CPU
		{8ECD4AA2-F742-45E7-AB0F-B5C474040DB6}.Release|iPhone.Build.0 = Release|Any CPU
		{8ECD4AA2-F742-45E7-AB0F-B5C474040DB6}.Release|iPhone.Deploy.0 = Release|Any CPU
		{8ECD4AA2-F742-45E7-AB0F-B5C474040DB6}.Release|iPhoneSimulator.ActiveCfg = Release|Any CPU
		{8ECD4AA2-F742-45E7-AB0F-B5C474040DB6}.Release|iPhoneSimulator.Build.0 = Release|Any CPU
		{8ECD4AA2-F742-45E7-AB0F-B5C474040DB6}.Release|iPhoneSimulator.Deploy.0 = Release|Any CPU
		{8ECD4AA2-F742-45E7-AB0F-B5C474040DB6}.Release|x64.ActiveCfg = Release|Any CPU
		{8ECD4AA2-F742-45E7-AB0F-B5C474040DB6}.Release|x64.Build.0 = Release|Any CPU
		{8ECD4AA2-F742-45E7-AB0F-B5C474040DB6}.Release|x64.Deploy.0 = Release|Any CPU
		{8ECD4AA2-F742-45E7-AB0F-B5C474040DB6}.Release|x86.ActiveCfg = Release|Any CPU
		{8ECD4AA2-F742-45E7-AB0F-B5C474040DB6}.Release|x86.Build.0 = Release|Any CPU
		{8ECD4AA2-F742-45E7-AB0F-B5C474040DB6}.Release|x86.Deploy.0 = Release|Any CPU
		{07FB28EC-481B-4405-8F35-2089801954FC}.Ad-Hoc|Any CPU.ActiveCfg = Ad-Hoc|iPhone
		{07FB28EC-481B-4405-8F35-2089801954FC}.Ad-Hoc|Any CPU.Build.0 = Ad-Hoc|iPhone
		{07FB28EC-481B-4405-8F35-2089801954FC}.Ad-Hoc|Any CPU.Deploy.0 = Ad-Hoc|iPhone
		{07FB28EC-481B-4405-8F35-2089801954FC}.Ad-Hoc|ARM.ActiveCfg = Ad-Hoc|iPhone
		{07FB28EC-481B-4405-8F35-2089801954FC}.Ad-Hoc|ARM.Build.0 = Ad-Hoc|iPhone
		{07FB28EC-481B-4405-8F35-2089801954FC}.Ad-Hoc|ARM.Deploy.0 = Ad-Hoc|iPhone
		{07FB28EC-481B-4405-8F35-2089801954FC}.Ad-Hoc|iPhone.ActiveCfg = Ad-Hoc|iPhone
		{07FB28EC-481B-4405-8F35-2089801954FC}.Ad-Hoc|iPhone.Build.0 = Ad-Hoc|iPhone
		{07FB28EC-481B-4405-8F35-2089801954FC}.Ad-Hoc|iPhone.Deploy.0 = Ad-Hoc|iPhone
		{07FB28EC-481B-4405-8F35-2089801954FC}.Ad-Hoc|iPhoneSimulator.ActiveCfg = Ad-Hoc|iPhoneSimulator
		{07FB28EC-481B-4405-8F35-2089801954FC}.Ad-Hoc|iPhoneSimulator.Build.0 = Ad-Hoc|iPhoneSimulator
		{07FB28EC-481B-4405-8F35-2089801954FC}.Ad-Hoc|iPhoneSimulator.Deploy.0 = Ad-Hoc|iPhoneSimulator
		{07FB28EC-481B-4405-8F35-2089801954FC}.Ad-Hoc|x64.ActiveCfg = Ad-Hoc|iPhone
		{07FB28EC-481B-4405-8F35-2089801954FC}.Ad-Hoc|x64.Build.0 = Ad-Hoc|iPhone
		{07FB28EC-481B-4405-8F35-2089801954FC}.Ad-Hoc|x64.Deploy.0 = Ad-Hoc|iPhone
		{07FB28EC-481B-4405-8F35-2089801954FC}.Ad-Hoc|x86.ActiveCfg = Ad-Hoc|iPhone
		{07FB28EC-481B-4405-8F35-2089801954FC}.Ad-Hoc|x86.Build.0 = Ad-Hoc|iPhone
		{07FB28EC-481B-4405-8F35-2089801954FC}.Ad-Hoc|x86.Deploy.0 = Ad-Hoc|iPhone
		{07FB28EC-481B-4405-8F35-2089801954FC}.AppStore|Any CPU.ActiveCfg = AppStore|iPhone
		{07FB28EC-481B-4405-8F35-2089801954FC}.AppStore|Any CPU.Build.0 = AppStore|iPhone
		{07FB28EC-481B-4405-8F35-2089801954FC}.AppStore|Any CPU.Deploy.0 = AppStore|iPhone
		{07FB28EC-481B-4405-8F35-2089801954FC}.AppStore|ARM.ActiveCfg = AppStore|iPhone
		{07FB28EC-481B-4405-8F35-2089801954FC}.AppStore|ARM.Build.0 = AppStore|iPhone
		{07FB28EC-481B-4405-8F35-2089801954FC}.AppStore|ARM.Deploy.0 = AppStore|iPhone
		{07FB28EC-481B-4405-8F35-2089801954FC}.AppStore|iPhone.ActiveCfg = AppStore|iPhone
		{07FB28EC-481B-4405-8F35-2089801954FC}.AppStore|iPhone.Build.0 = AppStore|iPhone
		{07FB28EC-481B-4405-8F35-2089801954FC}.AppStore|iPhone.Deploy.0 = AppStore|iPhone
		{07FB28EC-481B-4405-8F35-2089801954FC}.AppStore|iPhoneSimulator.ActiveCfg = AppStore|iPhoneSimulator
		{07FB28EC-481B-4405-8F35-2089801954FC}.AppStore|iPhoneSimulator.Build.0 = AppStore|iPhoneSimulator
		{07FB28EC-481B-4405-8F35-2089801954FC}.AppStore|iPhoneSimulator.Deploy.0 = AppStore|iPhoneSimulator
		{07FB28EC-481B-4405-8F35-2089801954FC}.AppStore|x64.ActiveCfg = AppStore|iPhone
		{07FB28EC-481B-4405-8F35-2089801954FC}.AppStore|x64.Build.0 = AppStore|iPhone
		{07FB28EC-481B-4405-8F35-2089801954FC}.AppStore|x64.Deploy.0 = AppStore|iPhone
		{07FB28EC-481B-4405-8F35-2089801954FC}.AppStore|x86.ActiveCfg = AppStore|iPhone
		{07FB28EC-481B-4405-8F35-2089801954FC}.AppStore|x86.Build.0 = AppStore|iPhone
		{07FB28EC-481B-4405-8F35-2089801954FC}.AppStore|x86.Deploy.0 = AppStore|iPhone
		{07FB28EC-481B-4405-8F35-2089801954FC}.Debug|Any CPU.ActiveCfg = Debug|iPhoneSimulator
		{07FB28EC-481B-4405-8F35-2089801954FC}.Debug|Any CPU.Build.0 = Debug|iPhoneSimulator
		{07FB28EC-481B-4405-8F35-2089801954FC}.Debug|Any CPU.Deploy.0 = Debug|iPhoneSimulator
		{07FB28EC-481B-4405-8F35-2089801954FC}.Debug|ARM.ActiveCfg = Debug|iPhone
		{07FB28EC-481B-4405-8F35-2089801954FC}.Debug|ARM.Build.0 = Debug|iPhone
		{07FB28EC-481B-4405-8F35-2089801954FC}.Debug|ARM.Deploy.0 = Debug|iPhone
		{07FB28EC-481B-4405-8F35-2089801954FC}.Debug|iPhone.ActiveCfg = Debug|iPhone
		{07FB28EC-481B-4405-8F35-2089801954FC}.Debug|iPhone.Build.0 = Debug|iPhone
		{07FB28EC-481B-4405-8F35-2089801954FC}.Debug|iPhone.Deploy.0 = Debug|iPhone
		{07FB28EC-481B-4405-8F35-2089801954FC}.Debug|iPhoneSimulator.ActiveCfg = Debug|iPhoneSimulator
		{07FB28EC-481B-4405-8F35-2089801954FC}.Debug|iPhoneSimulator.Build.0 = Debug|iPhoneSimulator
		{07FB28EC-481B-4405-8F35-2089801954FC}.Debug|iPhoneSimulator.Deploy.0 = Debug|iPhoneSimulator
		{07FB28EC-481B-4405-8F35-2089801954FC}.Debug|x64.ActiveCfg = Debug|iPhone
		{07FB28EC-481B-4405-8F35-2089801954FC}.Debug|x64.Build.0 = Debug|iPhone
		{07FB28EC-481B-4405-8F35-2089801954FC}.Debug|x64.Deploy.0 = Debug|iPhone
		{07FB28EC-481B-4405-8F35-2089801954FC}.Debug|x86.ActiveCfg = Debug|iPhone
		{07FB28EC-481B-4405-8F35-2089801954FC}.Debug|x86.Build.0 = Debug|iPhone
		{07FB28EC-481B-4405-8F35-2089801954FC}.Debug|x86.Deploy.0 = Debug|iPhone
		{07FB28EC-481B-4405-8F35-2089801954FC}.Release|Any CPU.ActiveCfg = Release|iPhone
		{07FB28EC-481B-4405-8F35-2089801954FC}.Release|Any CPU.Build.0 = Release|iPhone
		{07FB28EC-481B-4405-8F35-2089801954FC}.Release|Any CPU.Deploy.0 = Release|iPhone
		{07FB28EC-481B-4405-8F35-2089801954FC}.Release|ARM.ActiveCfg = Release|iPhone
		{07FB28EC-481B-4405-8F35-2089801954FC}.Release|ARM.Build.0 = Release|iPhone
		{07FB28EC-481B-4405-8F35-2089801954FC}.Release|ARM.Deploy.0 = Release|iPhone
		{07FB28EC-481B-4405-8F35-2089801954FC}.Release|iPhone.ActiveCfg = Release|iPhone
		{07FB28EC-481B-4405-8F35-2089801954FC}.Release|iPhone.Build.0 = Release|iPhone
		{07FB28EC-481B-4405-8F35-2089801954FC}.Release|iPhone.Deploy.0 = Release|iPhone
		{07FB28EC-481B-4405-8F35-2089801954FC}.Release|iPhoneSimulator.ActiveCfg = Release|iPhoneSimulator
		{07FB28EC-481B-4405-8F35-2089801954FC}.Release|iPhoneSimulator.Build.0 = Release|iPhoneSimulator
		{07FB28EC-481B-4405-8F35-2089801954FC}.Release|iPhoneSimulator.Deploy.0 = Release|iPhoneSimulator
		{07FB28EC-481B-4405-8F35-2089801954FC}.Release|x64.ActiveCfg = Release|iPhone
		{07FB28EC-481B-4405-8F35-2089801954FC}.Release|x64.Build.0 = Release|iPhone
		{07FB28EC-481B-4405-8F35-2089801954FC}.Release|x64.Deploy.0 = Release|iPhone
		{07FB28EC-481B-4405-8F35-2089801954FC}.Release|x86.ActiveCfg = Release|iPhone
		{07FB28EC-481B-4405-8F35-2089801954FC}.Release|x86.Build.0 = Release|iPhone
		{07FB28EC-481B-4405-8F35-2089801954FC}.Release|x86.Deploy.0 = Release|iPhone
		{067AF861-1C1F-4083-B17D-92B744A44D39}.Ad-Hoc|Any CPU.ActiveCfg = Release|x86
		{067AF861-1C1F-4083-B17D-92B744A44D39}.Ad-Hoc|Any CPU.Build.0 = Release|x86
		{067AF861-1C1F-4083-B17D-92B744A44D39}.Ad-Hoc|Any CPU.Deploy.0 = Release|x86
		{067AF861-1C1F-4083-B17D-92B744A44D39}.Ad-Hoc|ARM.ActiveCfg = Release|ARM
		{067AF861-1C1F-4083-B17D-92B744A44D39}.Ad-Hoc|ARM.Build.0 = Release|ARM
		{067AF861-1C1F-4083-B17D-92B744A44D39}.Ad-Hoc|ARM.Deploy.0 = Release|ARM
		{067AF861-1C1F-4083-B17D-92B744A44D39}.Ad-Hoc|iPhone.ActiveCfg = Release|x86
		{067AF861-1C1F-4083-B17D-92B744A44D39}.Ad-Hoc|iPhone.Build.0 = Release|x86
		{067AF861-1C1F-4083-B17D-92B744A44D39}.Ad-Hoc|iPhone.Deploy.0 = Release|x86
		{067AF861-1C1F-4083-B17D-92B744A44D39}.Ad-Hoc|iPhoneSimulator.ActiveCfg = Release|x86
		{067AF861-1C1F-4083-B17D-92B744A44D39}.Ad-Hoc|iPhoneSimulator.Build.0 = Release|x86
		{067AF861-1C1F-4083-B17D-92B744A44D39}.Ad-Hoc|iPhoneSimulator.Deploy.0 = Release|x86
		{067AF861-1C1F-4083-B17D-92B744A44D39}.Ad-Hoc|x64.ActiveCfg = Release|x64
		{067AF861-1C1F-4083-B17D-92B744A44D39}.Ad-Hoc|x64.Build.0 = Release|x64
		{067AF861-1C1F-4083-B17D-92B744A44D39}.Ad-Hoc|x64.Deploy.0 = Release|x64
		{067AF861-1C1F-4083-B17D-92B744A44D39}.Ad-Hoc|x86.ActiveCfg = Release|x86
		{067AF861-1C1F-4083-B17D-92B744A44D39}.Ad-Hoc|x86.Build.0 = Release|x86
		{067AF861-1C1F-4083-B17D-92B744A44D39}.Ad-Hoc|x86.Deploy.0 = Release|x86
		{067AF861-1C1F-4083-B17D-92B744A44D39}.AppStore|Any CPU.ActiveCfg = Release|x86
		{067AF861-1C1F-4083-B17D-92B744A44D39}.AppStore|Any CPU.Build.0 = Release|x86
		{067AF861-1C1F-4083-B17D-92B744A44D39}.AppStore|Any CPU.Deploy.0 = Release|x86
		{067AF861-1C1F-4083-B17D-92B744A44D39}.AppStore|ARM.ActiveCfg = Release|ARM
		{067AF861-1C1F-4083-B17D-92B744A44D39}.AppStore|ARM.Build.0 = Release|ARM
		{067AF861-1C1F-4083-B17D-92B744A44D39}.AppStore|ARM.Deploy.0 = Release|ARM
		{067AF861-1C1F-4083-B17D-92B744A44D39}.AppStore|iPhone.ActiveCfg = Release|x86
		{067AF861-1C1F-4083-B17D-92B744A44D39}.AppStore|iPhone.Build.0 = Release|x86
		{067AF861-1C1F-4083-B17D-92B744A44D39}.AppStore|iPhone.Deploy.0 = Release|x86
		{067AF861-1C1F-4083-B17D-92B744A44D39}.AppStore|iPhoneSimulator.ActiveCfg = Release|x86
		{067AF861-1C1F-4083-B17D-92B744A44D39}.AppStore|iPhoneSimulator.Build.0 = Release|x86
		{067AF861-1C1F-4083-B17D-92B744A44D39}.AppStore|iPhoneSimulator.Deploy.0 = Release|x86
		{067AF861-1C1F-4083-B17D-92B744A44D39}.AppStore|x64.ActiveCfg = Release|x64
		{067AF861-1C1F-4083-B17D-92B744A44D39}.AppStore|x64.Build.0 = Release|x64
		{067AF861-1C1F-4083-B17D-92B744A44D39}.AppStore|x64.Deploy.0 = Release|x64
		{067AF861-1C1F-4083-B17D-92B744A44D39}.AppStore|x86.ActiveCfg = Release|x86
		{067AF861-1C1F-4083-B17D-92B744A44D39}.AppStore|x86.Build.0 = Release|x86
		{067AF861-1C1F-4083-B17D-92B744A44D39}.AppStore|x86.Deploy.0 = Release|x86
		{067AF861-1C1F-4083-B17D-92B744A44D39}.Debug|Any CPU.ActiveCfg = Debug|x86
		{067AF861-1C1F-4083-B17D-92B744A44D39}.Debug|Any CPU.Build.0 = Debug|x86
		{067AF861-1C1F-4083-B17D-92B744A44D39}.Debug|Any CPU.Deploy.0 = Debug|x86
		{067AF861-1C1F-4083-B17D-92B744A44D39}.Debug|ARM.ActiveCfg = Debug|ARM
		{067AF861-1C1F-4083-B17D-92B744A44D39}.Debug|ARM.Build.0 = Debug|ARM
		{067AF861-1C1F-4083-B17D-92B744A44D39}.Debug|ARM.Deploy.0 = Debug|ARM
		{067AF861-1C1F-4083-B17D-92B744A44D39}.Debug|iPhone.ActiveCfg = Debug|x86
		{067AF861-1C1F-4083-B17D-92B744A44D39}.Debug|iPhone.Build.0 = Debug|x86
		{067AF861-1C1F-4083-B17D-92B744A44D39}.Debug|iPhone.Deploy.0 = Debug|x86
		{067AF861-1C1F-4083-B17D-92B744A44D39}.Debug|iPhoneSimulator.ActiveCfg = Debug|x86
		{067AF861-1C1F-4083-B17D-92B744A44D39}.Debug|iPhoneSimulator.Build.0 = Debug|x86
		{067AF861-1C1F-4083-B17D-92B744A44D39}.Debug|iPhoneSimulator.Deploy.0 = Debug|x86
		{067AF861-1C1F-4083-B17D-92B744A44D39}.Debug|x64.ActiveCfg = Debug|x64
		{067AF861-1C1F-4083-B17D-92B744A44D39}.Debug|x64.Build.0 = Debug|x64
		{067AF861-1C1F-4083-B17D-92B744A44D39}.Debug|x64.Deploy.0 = Debug|x64
		{067AF861-1C1F-4083-B17D-92B744A44D39}.Debug|x86.ActiveCfg = Debug|x86
		{067AF861-1C1F-4083-B17D-92B744A44D39}.Debug|x86.Build.0 = Debug|x86
		{067AF861-1C1F-4083-B17D-92B744A44D39}.Debug|x86.Deploy.0 = Debug|x86
		{067AF861-1C1F-4083-B17D-92B744A44D39}.Release|Any CPU.ActiveCfg = Release|x86
		{067AF861-1C1F-4083-B17D-92B744A44D39}.Release|Any CPU.Build.0 = Release|x86
		{067AF861-1C1F-4083-B17D-92B744A44D39}.Release|Any CPU.Deploy.0 = Release|x86
		{067AF861-1C1F-4083-B17D-92B744A44D39}.Release|ARM.ActiveCfg = Release|ARM
		{067AF861-1C1F-4083-B17D-92B744A44D39}.Release|ARM.Build.0 = Release|ARM
		{067AF861-1C1F-4083-B17D-92B744A44D39}.Release|ARM.Deploy.0 = Release|ARM
		{067AF861-1C1F-4083-B17D-92B744A44D39}.Release|iPhone.ActiveCfg = Release|x86
		{067AF861-1C1F-4083-B17D-92B744A44D39}.Release|iPhone.Build.0 = Release|x86
		{067AF861-1C1F-4083-B17D-92B744A44D39}.Release|iPhone.Deploy.0 = Release|x86
		{067AF861-1C1F-4083-B17D-92B744A44D39}.Release|iPhoneSimulator.ActiveCfg = Release|x86
		{067AF861-1C1F-4083-B17D-92B744A44D39}.Release|iPhoneSimulator.Build.0 = Release|x86
		{067AF861-1C1F-4083-B17D-92B744A44D39}.Release|iPhoneSimulator.Deploy.0 = Release|x86
		{067AF861-1C1F-4083-B17D-92B744A44D39}.Release|x64.ActiveCfg = Release|x64
		{067AF861-1C1F-4083-B17D-92B744A44D39}.Release|x64.Build.0 = Release|x64
		{067AF861-1C1F-4083-B17D-92B744A44D39}.Release|x64.Deploy.0 = Release|x64
		{067AF861-1C1F-4083-B17D-92B744A44D39}.Release|x86.ActiveCfg = Release|x86
		{067AF861-1C1F-4083-B17D-92B744A44D39}.Release|x86.Build.0 = Release|x86
		{067AF861-1C1F-4083-B17D-92B744A44D39}.Release|x86.Deploy.0 = Release|x86
		{DC59E843-0202-42A9-BDCC-2CFA419ECC7D}.Ad-Hoc|Any CPU.ActiveCfg = Debug|Any CPU
		{DC59E843-0202-42A9-BDCC-2CFA419ECC7D}.Ad-Hoc|Any CPU.Build.0 = Debug|Any CPU
		{DC59E843-0202-42A9-BDCC-2CFA419ECC7D}.Ad-Hoc|Any CPU.Deploy.0 = Debug|Any CPU
		{DC59E843-0202-42A9-BDCC-2CFA419ECC7D}.Ad-Hoc|ARM.ActiveCfg = Debug|Any CPU
		{DC59E843-0202-42A9-BDCC-2CFA419ECC7D}.Ad-Hoc|ARM.Build.0 = Debug|Any CPU
		{DC59E843-0202-42A9-BDCC-2CFA419ECC7D}.Ad-Hoc|ARM.Deploy.0 = Debug|Any CPU
		{DC59E843-0202-42A9-BDCC-2CFA419ECC7D}.Ad-Hoc|iPhone.ActiveCfg = Debug|Any CPU
		{DC59E843-0202-42A9-BDCC-2CFA419ECC7D}.Ad-Hoc|iPhone.Build.0 = Debug|Any CPU
		{DC59E843-0202-42A9-BDCC-2CFA419ECC7D}.Ad-Hoc|iPhone.Deploy.0 = Debug|Any CPU
		{DC59E843-0202-42A9-BDCC-2CFA419ECC7D}.Ad-Hoc|iPhoneSimulator.ActiveCfg = Debug|Any CPU
		{DC59E843-0202-42A9-BDCC-2CFA419ECC7D}.Ad-Hoc|iPhoneSimulator.Build.0 = Debug|Any CPU
		{DC59E843-0202-42A9-BDCC-2CFA419ECC7D}.Ad-Hoc|iPhoneSimulator.Deploy.0 = Debug|Any CPU
		{DC59E843-0202-42A9-BDCC-2CFA419ECC7D}.Ad-Hoc|x64.ActiveCfg = Debug|Any CPU
		{DC59E843-0202-42A9-BDCC-2CFA419ECC7D}.Ad-Hoc|x64.Build.0 = Debug|Any CPU
		{DC59E843-0202-42A9-BDCC-2CFA419ECC7D}.Ad-Hoc|x64.Deploy.0 = Debug|Any CPU
		{DC59E843-0202-42A9-BDCC-2CFA419ECC7D}.Ad-Hoc|x86.ActiveCfg = Debug|Any CPU
		{DC59E843-0202-42A9-BDCC-2CFA419ECC7D}.Ad-Hoc|x86.Build.0 = Debug|Any CPU
		{DC59E843-0202-42A9-BDCC-2CFA419ECC7D}.Ad-Hoc|x86.Deploy.0 = Debug|Any CPU
		{DC59E843-0202-42A9-BDCC-2CFA419ECC7D}.AppStore|Any CPU.ActiveCfg = Debug|Any CPU
		{DC59E843-0202-42A9-BDCC-2CFA419ECC7D}.AppStore|Any CPU.Build.0 = Debug|Any CPU
		{DC59E843-0202-42A9-BDCC-2CFA419ECC7D}.AppStore|Any CPU.Deploy.0 = Debug|Any CPU
		{DC59E843-0202-42A9-BDCC-2CFA419ECC7D}.AppStore|ARM.ActiveCfg = Debug|Any CPU
		{DC59E843-0202-42A9-BDCC-2CFA419ECC7D}.AppStore|ARM.Build.0 = Debug|Any CPU
		{DC59E843-0202-42A9-BDCC-2CFA419ECC7D}.AppStore|ARM.Deploy.0 = Debug|Any CPU
		{DC59E843-0202-42A9-BDCC-2CFA419ECC7D}.AppStore|iPhone.ActiveCfg = Debug|Any CPU
		{DC59E843-0202-42A9-BDCC-2CFA419ECC7D}.AppStore|iPhone.Build.0 = Debug|Any CPU
		{DC59E843-0202-42A9-BDCC-2CFA419ECC7D}.AppStore|iPhone.Deploy.0 = Debug|Any CPU
		{DC59E843-0202-42A9-BDCC-2CFA419ECC7D}.AppStore|iPhoneSimulator.ActiveCfg = Debug|Any CPU
		{DC59E843-0202-42A9-BDCC-2CFA419ECC7D}.AppStore|iPhoneSimulator.Build.0 = Debug|Any CPU
		{DC59E843-0202-42A9-BDCC-2CFA419ECC7D}.AppStore|iPhoneSimulator.Deploy.0 = Debug|Any CPU
		{DC59E843-0202-42A9-BDCC-2CFA419ECC7D}.AppStore|x64.ActiveCfg = Debug|Any CPU
		{DC59E843-0202-42A9-BDCC-2CFA419ECC7D}.AppStore|x64.Build.0 = Debug|Any CPU
		{DC59E843-0202-42A9-BDCC-2CFA419ECC7D}.AppStore|x64.Deploy.0 = Debug|Any CPU
		{DC59E843-0202-42A9-BDCC-2CFA419ECC7D}.AppStore|x86.ActiveCfg = Debug|Any CPU
		{DC59E843-0202-42A9-BDCC-2CFA419ECC7D}.AppStore|x86.Build.0 = Debug|Any CPU
		{DC59E843-0202-42A9-BDCC-2CFA419ECC7D}.AppStore|x86.Deploy.0 = Debug|Any CPU
		{DC59E843-0202-42A9-BDCC-2CFA419ECC7D}.Debug|Any CPU.ActiveCfg = Debug|Any CPU
		{DC59E843-0202-42A9-BDCC-2CFA419ECC7D}.Debug|Any CPU.Build.0 = Debug|Any CPU
		{DC59E843-0202-42A9-BDCC-2CFA419ECC7D}.Debug|Any CPU.Deploy.0 = Debug|Any CPU
		{DC59E843-0202-42A9-BDCC-2CFA419ECC7D}.Debug|ARM.ActiveCfg = Debug|Any CPU
		{DC59E843-0202-42A9-BDCC-2CFA419ECC7D}.Debug|ARM.Build.0 = Debug|Any CPU
		{DC59E843-0202-42A9-BDCC-2CFA419ECC7D}.Debug|ARM.Deploy.0 = Debug|Any CPU
		{DC59E843-0202-42A9-BDCC-2CFA419ECC7D}.Debug|iPhone.ActiveCfg = Debug|Any CPU
		{DC59E843-0202-42A9-BDCC-2CFA419ECC7D}.Debug|iPhone.Build.0 = Debug|Any CPU
		{DC59E843-0202-42A9-BDCC-2CFA419ECC7D}.Debug|iPhone.Deploy.0 = Debug|Any CPU
		{DC59E843-0202-42A9-BDCC-2CFA419ECC7D}.Debug|iPhoneSimulator.ActiveCfg = Debug|Any CPU
		{DC59E843-0202-42A9-BDCC-2CFA419ECC7D}.Debug|iPhoneSimulator.Build.0 = Debug|Any CPU
		{DC59E843-0202-42A9-BDCC-2CFA419ECC7D}.Debug|iPhoneSimulator.Deploy.0 = Debug|Any CPU
		{DC59E843-0202-42A9-BDCC-2CFA419ECC7D}.Debug|x64.ActiveCfg = Debug|Any CPU
		{DC59E843-0202-42A9-BDCC-2CFA419ECC7D}.Debug|x64.Build.0 = Debug|Any CPU
		{DC59E843-0202-42A9-BDCC-2CFA419ECC7D}.Debug|x64.Deploy.0 = Debug|Any CPU
		{DC59E843-0202-42A9-BDCC-2CFA419ECC7D}.Debug|x86.ActiveCfg = Debug|Any CPU
		{DC59E843-0202-42A9-BDCC-2CFA419ECC7D}.Debug|x86.Build.0 = Debug|Any CPU
		{DC59E843-0202-42A9-BDCC-2CFA419ECC7D}.Debug|x86.Deploy.0 = Debug|Any CPU
		{DC59E843-0202-42A9-BDCC-2CFA419ECC7D}.Release|Any CPU.ActiveCfg = Release|Any CPU
		{DC59E843-0202-42A9-BDCC-2CFA419ECC7D}.Release|Any CPU.Build.0 = Release|Any CPU
		{DC59E843-0202-42A9-BDCC-2CFA419ECC7D}.Release|Any CPU.Deploy.0 = Release|Any CPU
		{DC59E843-0202-42A9-BDCC-2CFA419ECC7D}.Release|ARM.ActiveCfg = Release|Any CPU
		{DC59E843-0202-42A9-BDCC-2CFA419ECC7D}.Release|ARM.Build.0 = Release|Any CPU
		{DC59E843-0202-42A9-BDCC-2CFA419ECC7D}.Release|ARM.Deploy.0 = Release|Any CPU
		{DC59E843-0202-42A9-BDCC-2CFA419ECC7D}.Release|iPhone.ActiveCfg = Release|Any CPU
		{DC59E843-0202-42A9-BDCC-2CFA419ECC7D}.Release|iPhone.Build.0 = Release|Any CPU
		{DC59E843-0202-42A9-BDCC-2CFA419ECC7D}.Release|iPhone.Deploy.0 = Release|Any CPU
		{DC59E843-0202-42A9-BDCC-2CFA419ECC7D}.Release|iPhoneSimulator.ActiveCfg = Release|Any CPU
		{DC59E843-0202-42A9-BDCC-2CFA419ECC7D}.Release|iPhoneSimulator.Build.0 = Release|Any CPU
		{DC59E843-0202-42A9-BDCC-2CFA419ECC7D}.Release|iPhoneSimulator.Deploy.0 = Release|Any CPU
		{DC59E843-0202-42A9-BDCC-2CFA419ECC7D}.Release|x64.ActiveCfg = Release|Any CPU
		{DC59E843-0202-42A9-BDCC-2CFA419ECC7D}.Release|x64.Build.0 = Release|Any CPU
		{DC59E843-0202-42A9-BDCC-2CFA419ECC7D}.Release|x64.Deploy.0 = Release|Any CPU
		{DC59E843-0202-42A9-BDCC-2CFA419ECC7D}.Release|x86.ActiveCfg = Release|Any CPU
		{DC59E843-0202-42A9-BDCC-2CFA419ECC7D}.Release|x86.Build.0 = Release|Any CPU
		{DC59E843-0202-42A9-BDCC-2CFA419ECC7D}.Release|x86.Deploy.0 = Release|Any CPU
	EndGlobalSection
	GlobalSection(SolutionProperties) = preSolution
		HideSolutionNode = FALSE
	EndGlobalSection
	GlobalSection(ExtensibilityGlobals) = postSolution
		SolutionGuid = {C491589F-2F7B-4EEC-89E4-CC54D9C4622D}
	EndGlobalSection
EndGlobal
